version: 2.0
shards:
  backtracer:
    git: https://github.com/sija/backtracer.cr.git
    version: 1.2.2

  db:
    git: https://github.com/crystal-lang/crystal-db.git
    version: 0.10.1

  exception_page:
    git: https://github.com/crystal-loot/exception_page.git
    version: 0.3.1

  granite:
    git: https://github.com/amberframework/granite.git
    version: 0.23.1

  kemal:
    git: https://github.com/kemalcr/kemal.git
    version: 1.4.0

  kemal-session:
    git: https://github.com/kemalcr/kemal-session.git
    version: 1.0.0

  micrate:
    git: https://github.com/juanedi/micrate.git
    version: 0.12.0

  nanoid:
    git: https://github.com/mamantoha/nanoid.cr.git
    version: 0.7.1

  radix:
    git: https://github.com/luislavena/radix.git
    version: 0.4.1

  solhttp:
    git: https://gitlab.com/rymiel/solhttp.git
    version: 1.0.2+git.commit.f836b2ad0777965d7f28d7da181717b5744704d7

