version: 2.0
shards:
  db:
    git: https://github.com/crystal-lang/crystal-db.git
    version: 0.10.0

  exception_page:
    git: https://github.com/crystal-loot/exception_page.git
    version: 0.1.4

  granite:
    git: https://github.com/bcardiff/granite.git
    version: 0.21.1+git.commit.72fb43da5c43147450bb87106545e411074f772f

  json_mapping:
    git: https://github.com/crystal-lang/json_mapping.cr.git
    version: 0.1.0

  kemal:
    git: https://github.com/kemalcr/kemal.git
    version: 0.27.0

  kemal-session:
    git: https://github.com/kemalcr/kemal-session.git
    version: 0.12.1

  kilt:
    git: https://github.com/jeromegn/kilt.git
    version: 0.4.0

  micrate:
    git: https://github.com/juanedi/micrate.git
    version: 0.3.3

  nanoid:
    git: https://github.com/mamantoha/nanoid.cr.git
    version: 0.5.0

  radix:
    git: https://github.com/luislavena/radix.git
    version: 0.3.9

  solhttp:
    git: https://gitlab.com/rymiel/solhttp.git
    version: 0.2.4+git.commit.619a4a6ab1e6c682ad44f0e5cd56aa5508a66fb7

  sqlite3:
    git: https://github.com/crystal-lang/crystal-sqlite3.git
    version: 0.18.0

